
Microsoft Visual Studio Solution File, Format Version 12.00
# Visual Studio Version 16
VisualStudioVersion = 16.0.30804.86
MinimumVisualStudioVersion = 10.0.40219.1
Project("{FAE04EC0-301F-11D3-BF4B-00C04F79EFBC}") = "TurtleChallenge", "TurtleChallenge\TurtleChallenge.csproj", "{4C695A22-DFA4-4797-B469-EEF18B250CB1}"
EndProject
Project("{FAE04EC0-301F-11D3-BF4B-00C04F79EFBC}") = "TurtleChallenge.ConsoleApp", "TurtleChallenge.ConsoleApp\TurtleChallenge.ConsoleApp.csproj", "{1D628A74-8EDD-4A08-B0E5-0B959B10694D}"
EndProject
Project("{FAE04EC0-301F-11D3-BF4B-00C04F79EFBC}") = "TurtleChallenge.Tests", "TurtleChallenge.Tests\TurtleChallenge.Tests.csproj", "{136B3E89-9D75-4DEC-8F80-D4A74F080751}"
EndProject
Global
	GlobalSection(SolutionConfigurationPlatforms) = preSolution
		Debug|Any CPU = Debug|Any CPU
		Release|Any CPU = Release|Any CPU
	EndGlobalSection
	GlobalSection(ProjectConfigurationPlatforms) = postSolution
		{4C695A22-DFA4-4797-B469-EEF18B250CB1}.Debug|Any CPU.ActiveCfg = Debug|Any CPU
		{4C695A22-DFA4-4797-B469-EEF18B250CB1}.Debug|Any CPU.Build.0 = Debug|Any CPU
		{4C695A22-DFA4-4797-B469-EEF18B250CB1}.Release|Any CPU.ActiveCfg = Release|Any CPU
		{4C695A22-DFA4-4797-B469-EEF18B250CB1}.Release|Any CPU.Build.0 = Release|Any CPU
		{1D628A74-8EDD-4A08-B0E5-0B959B10694D}.Debug|Any CPU.ActiveCfg = Debug|Any CPU
		{1D628A74-8EDD-4A08-B0E5-0B959B10694D}.Debug|Any CPU.Build.0 = Debug|Any CPU
		{1D628A74-8EDD-4A08-B0E5-0B959B10694D}.Release|Any CPU.ActiveCfg = Release|Any CPU
		{1D628A74-8EDD-4A08-B0E5-0B959B10694D}.Release|Any CPU.Build.0 = Release|Any CPU
		{136B3E89-9D75-4DEC-8F80-D4A74F080751}.Debug|Any CPU.ActiveCfg = Debug|Any CPU
		{136B3E89-9D75-4DEC-8F80-D4A74F080751}.Debug|Any CPU.Build.0 = Debug|Any CPU
		{136B3E89-9D75-4DEC-8F80-D4A74F080751}.Release|Any CPU.ActiveCfg = Release|Any CPU
		{136B3E89-9D75-4DEC-8F80-D4A74F080751}.Release|Any CPU.Build.0 = Release|Any CPU
	EndGlobalSection
	GlobalSection(SolutionProperties) = preSolution
		HideSolutionNode = FALSE
	EndGlobalSection
	GlobalSection(ExtensibilityGlobals) = postSolution
		SolutionGuid = {C07F291D-A3E3-41FA-9E21-042D5004DD2A}
	EndGlobalSection
EndGlobal
